
Microsoft Visual Studio Solution File, Format Version 12.00
# Visual Studio Version 17
VisualStudioVersion = 17.7.34221.43
MinimumVisualStudioVersion = 10.0.40219.1
Project("{FAE04EC0-301F-11D3-BF4B-00C04F79EFBC}") = "WinFormsApp1", "WinFormsApp1.csproj", "{0B953A2E-05D4-4ACF-9A29-8230202D47AA}"
EndProject
Global
	GlobalSection(SolutionConfigurationPlatforms) = preSolution
		Debug|Any CPU = Debug|Any CPU
		Release|Any CPU = Release|Any CPU
	EndGlobalSection
	GlobalSection(ProjectConfigurationPlatforms) = postSolution
		{0B953A2E-05D4-4ACF-9A29-8230202D47AA}.Debug|Any CPU.ActiveCfg = Debug|Any CPU
		{0B953A2E-05D4-4ACF-9A29-8230202D47AA}.Debug|Any CPU.Build.0 = Debug|Any CPU
		{0B953A2E-05D4-4ACF-9A29-8230202D47AA}.Release|Any CPU.ActiveCfg = Release|Any CPU
		{0B953A2E-05D4-4ACF-9A29-8230202D47AA}.Release|Any CPU.Build.0 = Release|Any CPU
	EndGlobalSection
	GlobalSection(SolutionProperties) = preSolution
		HideSolutionNode = FALSE
	EndGlobalSection
	GlobalSection(ExtensibilityGlobals) = postSolution
		SolutionGuid = {7A5DBD1D-94EC-418C-9B50-A9C688AD8C35}
	EndGlobalSection
EndGlobal
